
Microsoft Visual Studio Solution File, Format Version 12.00
# Visual Studio Version 16
VisualStudioVersion = 16.0.30114.105
MinimumVisualStudioVersion = 10.0.40219.1
Project("{2150E333-8FDC-42A3-9474-1A3956D46DE8}") = "src", "src", "{59352844-2A2C-4500-A51A-28A62E50F11E}"
EndProject
Project("{FAE04EC0-301F-11D3-BF4B-00C04F79EFBC}") = "TechDemo", "src\TechDemo\TechDemo.csproj", "{6B113B51-CDBE-4B71-8D28-2EDFA292A2E8}"
EndProject
Project("{FAE04EC0-301F-11D3-BF4B-00C04F79EFBC}") = "AbstractVulkan", "src\AbstractVulkan\AbstractVulkan.csproj", "{B0E219D3-18A8-4439-B353-FF24040E4046}"
EndProject
Global
	GlobalSection(SolutionConfigurationPlatforms) = preSolution
		Debug|Any CPU = Debug|Any CPU
		Release|Any CPU = Release|Any CPU
	EndGlobalSection
	GlobalSection(SolutionProperties) = preSolution
		HideSolutionNode = FALSE
	EndGlobalSection
	GlobalSection(ProjectConfigurationPlatforms) = postSolution
		{6B113B51-CDBE-4B71-8D28-2EDFA292A2E8}.Debug|Any CPU.ActiveCfg = Debug|Any CPU
		{6B113B51-CDBE-4B71-8D28-2EDFA292A2E8}.Debug|Any CPU.Build.0 = Debug|Any CPU
		{6B113B51-CDBE-4B71-8D28-2EDFA292A2E8}.Release|Any CPU.ActiveCfg = Release|Any CPU
		{6B113B51-CDBE-4B71-8D28-2EDFA292A2E8}.Release|Any CPU.Build.0 = Release|Any CPU
		{B0E219D3-18A8-4439-B353-FF24040E4046}.Debug|Any CPU.ActiveCfg = Debug|Any CPU
		{B0E219D3-18A8-4439-B353-FF24040E4046}.Debug|Any CPU.Build.0 = Debug|Any CPU
		{B0E219D3-18A8-4439-B353-FF24040E4046}.Release|Any CPU.ActiveCfg = Release|Any CPU
		{B0E219D3-18A8-4439-B353-FF24040E4046}.Release|Any CPU.Build.0 = Release|Any CPU
	EndGlobalSection
	GlobalSection(NestedProjects) = preSolution
		{6B113B51-CDBE-4B71-8D28-2EDFA292A2E8} = {59352844-2A2C-4500-A51A-28A62E50F11E}
		{B0E219D3-18A8-4439-B353-FF24040E4046} = {59352844-2A2C-4500-A51A-28A62E50F11E}
	EndGlobalSection
EndGlobal
